// !$*UTF8*$!
{
	archiveVersion = 1;
	classes = {
	};
	objectVersion = 52;
	objects = {

/* Begin PBXBuildFile section */
		6E825ED823195E6C0079705F /* AppDelegate.swift in Sources */ = {isa = PBXBuildFile; fileRef = 6E825ED723195E6C0079705F /* AppDelegate.swift */; };
		6E825EDA23195E6C0079705F /* SceneDelegate.swift in Sources */ = {isa = PBXBuildFile; fileRef = 6E825ED923195E6C0079705F /* SceneDelegate.swift */; };
		6E825EDC23195E6C0079705F /* ViewController.swift in Sources */ = {isa = PBXBuildFile; fileRef = 6E825EDB23195E6C0079705F /* ViewController.swift */; };
		6E825EDF23195E6C0079705F /* Main.storyboard in Resources */ = {isa = PBXBuildFile; fileRef = 6E825EDD23195E6C0079705F /* Main.storyboard */; };
		6E825EE123195E6D0079705F /* Assets.xcassets in Resources */ = {isa = PBXBuildFile; fileRef = 6E825EE023195E6D0079705F /* Assets.xcassets */; };
		6E825EE423195E6D0079705F /* LaunchScreen.storyboard in Resources */ = {isa = PBXBuildFile; fileRef = 6E825EE223195E6D0079705F /* LaunchScreen.storyboard */; };
		6E825EEF23195E6D0079705F /* RxCococaIssueTests.swift in Sources */ = {isa = PBXBuildFile; fileRef = 6E825EEE23195E6D0079705F /* RxCococaIssueTests.swift */; };
		6E825EFB23195EBF0079705F /* RxSwift in Frameworks */ = {isa = PBXBuildFile; productRef = 6E825EFA23195EBF0079705F /* RxSwift */; };
		6E825EFF23195EBF0079705F /* RxCocoa in Frameworks */ = {isa = PBXBuildFile; productRef = 6E825EFE23195EBF0079705F /* RxCocoa */; };
		6E825F0423195F530079705F /* RxBlocking in Frameworks */ = {isa = PBXBuildFile; productRef = 6E825F0323195F530079705F /* RxBlocking */; };
		6E825F0623195F530079705F /* RxTest in Frameworks */ = {isa = PBXBuildFile; productRef = 6E825F0523195F530079705F /* RxTest */; };
/* End PBXBuildFile section */

/* Begin PBXContainerItemProxy section */
		6E825EEB23195E6D0079705F /* PBXContainerItemProxy */ = {
			isa = PBXContainerItemProxy;
			containerPortal = 6E825ECC23195E6C0079705F /* Project object */;
			proxyType = 1;
			remoteGlobalIDString = 6E825ED323195E6C0079705F;
			remoteInfo = RxCococaIssue;
		};
/* End PBXContainerItemProxy section */

/* Begin PBXFileReference section */
		6E825ED423195E6C0079705F /* RxCococaIssue.app */ = {isa = PBXFileReference; explicitFileType = wrapper.application; includeInIndex = 0; path = RxCococaIssue.app; sourceTree = BUILT_PRODUCTS_DIR; };
		6E825ED723195E6C0079705F /* AppDelegate.swift */ = {isa = PBXFileReference; lastKnownFileType = sourcecode.swift; path = AppDelegate.swift; sourceTree = "<group>"; };
		6E825ED923195E6C0079705F /* SceneDelegate.swift */ = {isa = PBXFileReference; lastKnownFileType = sourcecode.swift; path = SceneDelegate.swift; sourceTree = "<group>"; };
		6E825EDB23195E6C0079705F /* ViewController.swift */ = {isa = PBXFileReference; lastKnownFileType = sourcecode.swift; path = ViewController.swift; sourceTree = "<group>"; };
		6E825EDE23195E6C0079705F /* Base */ = {isa = PBXFileReference; lastKnownFileType = file.storyboard; name = Base; path = Base.lproj/Main.storyboard; sourceTree = "<group>"; };
		6E825EE023195E6D0079705F /* Assets.xcassets */ = {isa = PBXFileReference; lastKnownFileType = folder.assetcatalog; path = Assets.xcassets; sourceTree = "<group>"; };
		6E825EE323195E6D0079705F /* Base */ = {isa = PBXFileReference; lastKnownFileType = file.storyboard; name = Base; path = Base.lproj/LaunchScreen.storyboard; sourceTree = "<group>"; };
		6E825EE523195E6D0079705F /* Info.plist */ = {isa = PBXFileReference; lastKnownFileType = text.plist.xml; path = Info.plist; sourceTree = "<group>"; };
		6E825EEA23195E6D0079705F /* RxCococaIssueTests.xctest */ = {isa = PBXFileReference; explicitFileType = wrapper.cfbundle; includeInIndex = 0; path = RxCococaIssueTests.xctest; sourceTree = BUILT_PRODUCTS_DIR; };
		6E825EEE23195E6D0079705F /* RxCococaIssueTests.swift */ = {isa = PBXFileReference; lastKnownFileType = sourcecode.swift; path = RxCococaIssueTests.swift; sourceTree = "<group>"; };
		6E825EF023195E6D0079705F /* Info.plist */ = {isa = PBXFileReference; lastKnownFileType = text.plist.xml; path = Info.plist; sourceTree = "<group>"; };
/* End PBXFileReference section */

/* Begin PBXFrameworksBuildPhase section */
		6E825ED123195E6C0079705F /* Frameworks */ = {
			isa = PBXFrameworksBuildPhase;
			buildActionMask = 2147483647;
			files = (
				6E825EFF23195EBF0079705F /* RxCocoa in Frameworks */,
				6E825EFB23195EBF0079705F /* RxSwift in Frameworks */,
			);
			runOnlyForDeploymentPostprocessing = 0;
		};
		6E825EE723195E6D0079705F /* Frameworks */ = {
			isa = PBXFrameworksBuildPhase;
			buildActionMask = 2147483647;
			files = (
				6E825F0623195F530079705F /* RxTest in Frameworks */,
				6E825F0423195F530079705F /* RxBlocking in Frameworks */,
			);
			runOnlyForDeploymentPostprocessing = 0;
		};
/* End PBXFrameworksBuildPhase section */

/* Begin PBXGroup section */
		6E825ECB23195E6C0079705F = {
			isa = PBXGroup;
			children = (
				6E825ED623195E6C0079705F /* RxCococaIssue */,
				6E825EED23195E6D0079705F /* RxCococaIssueTests */,
				6E825ED523195E6C0079705F /* Products */,
				6E825F0223195F530079705F /* Frameworks */,
			);
			sourceTree = "<group>";
		};
		6E825ED523195E6C0079705F /* Products */ = {
			isa = PBXGroup;
			children = (
				6E825ED423195E6C0079705F /* RxCococaIssue.app */,
				6E825EEA23195E6D0079705F /* RxCococaIssueTests.xctest */,
			);
			name = Products;
			sourceTree = "<group>";
		};
		6E825ED623195E6C0079705F /* RxCococaIssue */ = {
			isa = PBXGroup;
			children = (
				6E825ED723195E6C0079705F /* AppDelegate.swift */,
				6E825ED923195E6C0079705F /* SceneDelegate.swift */,
				6E825EDB23195E6C0079705F /* ViewController.swift */,
				6E825EDD23195E6C0079705F /* Main.storyboard */,
				6E825EE023195E6D0079705F /* Assets.xcassets */,
				6E825EE223195E6D0079705F /* LaunchScreen.storyboard */,
				6E825EE523195E6D0079705F /* Info.plist */,
			);
			path = RxCococaIssue;
			sourceTree = "<group>";
		};
		6E825EED23195E6D0079705F /* RxCococaIssueTests */ = {
			isa = PBXGroup;
			children = (
				6E825EEE23195E6D0079705F /* RxCococaIssueTests.swift */,
				6E825EF023195E6D0079705F /* Info.plist */,
			);
			path = RxCococaIssueTests;
			sourceTree = "<group>";
		};
		6E825F0223195F530079705F /* Frameworks */ = {
			isa = PBXGroup;
			children = (
			);
			name = Frameworks;
			sourceTree = "<group>";
		};
/* End PBXGroup section */

/* Begin PBXNativeTarget section */
		6E825ED323195E6C0079705F /* RxCococaIssue */ = {
			isa = PBXNativeTarget;
			buildConfigurationList = 6E825EF323195E6D0079705F /* Build configuration list for PBXNativeTarget "RxCococaIssue" */;
			buildPhases = (
				6E825ED023195E6C0079705F /* Sources */,
				6E825ED123195E6C0079705F /* Frameworks */,
				6E825ED223195E6C0079705F /* Resources */,
			);
			buildRules = (
			);
			dependencies = (
			);
			name = RxCococaIssue;
			packageProductDependencies = (
				6E825EFA23195EBF0079705F /* RxSwift */,
				6E825EFE23195EBF0079705F /* RxCocoa */,
			);
			productName = RxCococaIssue;
			productReference = 6E825ED423195E6C0079705F /* RxCococaIssue.app */;
			productType = "com.apple.product-type.application";
		};
		6E825EE923195E6D0079705F /* RxCococaIssueTests */ = {
			isa = PBXNativeTarget;
			buildConfigurationList = 6E825EF623195E6D0079705F /* Build configuration list for PBXNativeTarget "RxCococaIssueTests" */;
			buildPhases = (
				6E825EE623195E6D0079705F /* Sources */,
				6E825EE723195E6D0079705F /* Frameworks */,
				6E825EE823195E6D0079705F /* Resources */,
			);
			buildRules = (
			);
			dependencies = (
				6E825EEC23195E6D0079705F /* PBXTargetDependency */,
			);
			name = RxCococaIssueTests;
			packageProductDependencies = (
				6E825F0323195F530079705F /* RxBlocking */,
				6E825F0523195F530079705F /* RxTest */,
			);
			productName = RxCococaIssueTests;
			productReference = 6E825EEA23195E6D0079705F /* RxCococaIssueTests.xctest */;
			productType = "com.apple.product-type.bundle.unit-test";
		};
/* End PBXNativeTarget section */

/* Begin PBXProject section */
		6E825ECC23195E6C0079705F /* Project object */ = {
			isa = PBXProject;
			attributes = {
				LastSwiftUpdateCheck = 1100;
				LastUpgradeCheck = 1100;
				ORGANIZATIONNAME = Laskowski;
				TargetAttributes = {
					6E825ED323195E6C0079705F = {
						CreatedOnToolsVersion = 11.0;
					};
					6E825EE923195E6D0079705F = {
						CreatedOnToolsVersion = 11.0;
						TestTargetID = 6E825ED323195E6C0079705F;
					};
				};
			};
			buildConfigurationList = 6E825ECF23195E6C0079705F /* Build configuration list for PBXProject "RxCococaIssue" */;
			compatibilityVersion = "Xcode 9.3";
			developmentRegion = en;
			hasScannedForEncodings = 0;
			knownRegions = (
				en,
				Base,
			);
			mainGroup = 6E825ECB23195E6C0079705F;
			packageReferences = (
				6E825EF923195EBF0079705F /* XCRemoteSwiftPackageReference "RxSwift" */,
			);
			productRefGroup = 6E825ED523195E6C0079705F /* Products */;
			projectDirPath = "";
			projectRoot = "";
			targets = (
				6E825ED323195E6C0079705F /* RxCococaIssue */,
				6E825EE923195E6D0079705F /* RxCococaIssueTests */,
			);
		};
/* End PBXProject section */

/* Begin PBXResourcesBuildPhase section */
		6E825ED223195E6C0079705F /* Resources */ = {
			isa = PBXResourcesBuildPhase;
			buildActionMask = 2147483647;
			files = (
				6E825EE423195E6D0079705F /* LaunchScreen.storyboard in Resources */,
				6E825EE123195E6D0079705F /* Assets.xcassets in Resources */,
				6E825EDF23195E6C0079705F /* Main.storyboard in Resources */,
			);
			runOnlyForDeploymentPostprocessing = 0;
		};
		6E825EE823195E6D0079705F /* Resources */ = {
			isa = PBXResourcesBuildPhase;
			buildActionMask = 2147483647;
			files = (
			);
			runOnlyForDeploymentPostprocessing = 0;
		};
/* End PBXResourcesBuildPhase section */

/* Begin PBXSourcesBuildPhase section */
		6E825ED023195E6C0079705F /* Sources */ = {
			isa = PBXSourcesBuildPhase;
			buildActionMask = 2147483647;
			files = (
				6E825EDC23195E6C0079705F /* ViewController.swift in Sources */,
				6E825ED823195E6C0079705F /* AppDelegate.swift in Sources */,
				6E825EDA23195E6C0079705F /* SceneDelegate.swift in Sources */,
			);
			runOnlyForDeploymentPostprocessing = 0;
		};
		6E825EE623195E6D0079705F /* Sources */ = {
			isa = PBXSourcesBuildPhase;
			buildActionMask = 2147483647;
			files = (
				6E825EEF23195E6D0079705F /* RxCococaIssueTests.swift in Sources */,
			);
			runOnlyForDeploymentPostprocessing = 0;
		};
/* End PBXSourcesBuildPhase section */

/* Begin PBXTargetDependency section */
		6E825EEC23195E6D0079705F /* PBXTargetDependency */ = {
			isa = PBXTargetDependency;
			target = 6E825ED323195E6C0079705F /* RxCococaIssue */;
			targetProxy = 6E825EEB23195E6D0079705F /* PBXContainerItemProxy */;
		};
/* End PBXTargetDependency section */

/* Begin PBXVariantGroup section */
		6E825EDD23195E6C0079705F /* Main.storyboard */ = {
			isa = PBXVariantGroup;
			children = (
				6E825EDE23195E6C0079705F /* Base */,
			);
			name = Main.storyboard;
			sourceTree = "<group>";
		};
		6E825EE223195E6D0079705F /* LaunchScreen.storyboard */ = {
			isa = PBXVariantGroup;
			children = (
				6E825EE323195E6D0079705F /* Base */,
			);
			name = LaunchScreen.storyboard;
			sourceTree = "<group>";
		};
/* End PBXVariantGroup section */

/* Begin XCBuildConfiguration section */
		6E825EF123195E6D0079705F /* Debug */ = {
			isa = XCBuildConfiguration;
			buildSettings = {
				ALWAYS_SEARCH_USER_PATHS = NO;
				CLANG_ANALYZER_NONNULL = YES;
				CLANG_ANALYZER_NUMBER_OBJECT_CONVERSION = YES_AGGRESSIVE;
				CLANG_CXX_LANGUAGE_STANDARD = "gnu++14";
				CLANG_CXX_LIBRARY = "libc++";
				CLANG_ENABLE_MODULES = YES;
				CLANG_ENABLE_OBJC_ARC = YES;
				CLANG_ENABLE_OBJC_WEAK = YES;
				CLANG_WARN_BLOCK_CAPTURE_AUTORELEASING = YES;
				CLANG_WARN_BOOL_CONVERSION = YES;
				CLANG_WARN_COMMA = YES;
				CLANG_WARN_CONSTANT_CONVERSION = YES;
				CLANG_WARN_DEPRECATED_OBJC_IMPLEMENTATIONS = YES;
				CLANG_WARN_DIRECT_OBJC_ISA_USAGE = YES_ERROR;
				CLANG_WARN_DOCUMENTATION_COMMENTS = YES;
				CLANG_WARN_EMPTY_BODY = YES;
				CLANG_WARN_ENUM_CONVERSION = YES;
				CLANG_WARN_INFINITE_RECURSION = YES;
				CLANG_WARN_INT_CONVERSION = YES;
				CLANG_WARN_NON_LITERAL_NULL_CONVERSION = YES;
				CLANG_WARN_OBJC_IMPLICIT_RETAIN_SELF = YES;
				CLANG_WARN_OBJC_LITERAL_CONVERSION = YES;
				CLANG_WARN_OBJC_ROOT_CLASS = YES_ERROR;
				CLANG_WARN_RANGE_LOOP_ANALYSIS = YES;
				CLANG_WARN_STRICT_PROTOTYPES = YES;
				CLANG_WARN_SUSPICIOUS_MOVE = YES;
				CLANG_WARN_UNGUARDED_AVAILABILITY = YES_AGGRESSIVE;
				CLANG_WARN_UNREACHABLE_CODE = YES;
				CLANG_WARN__DUPLICATE_METHOD_MATCH = YES;
				COPY_PHASE_STRIP = NO;
				DEBUG_INFORMATION_FORMAT = dwarf;
				ENABLE_STRICT_OBJC_MSGSEND = YES;
				ENABLE_TESTABILITY = YES;
				GCC_C_LANGUAGE_STANDARD = gnu11;
				GCC_DYNAMIC_NO_PIC = NO;
				GCC_NO_COMMON_BLOCKS = YES;
				GCC_OPTIMIZATION_LEVEL = 0;
				GCC_PREPROCESSOR_DEFINITIONS = (
					"DEBUG=1",
					"$(inherited)",
				);
				GCC_WARN_64_TO_32_BIT_CONVERSION = YES;
				GCC_WARN_ABOUT_RETURN_TYPE = YES_ERROR;
				GCC_WARN_UNDECLARED_SELECTOR = YES;
				GCC_WARN_UNINITIALIZED_AUTOS = YES_AGGRESSIVE;
				GCC_WARN_UNUSED_FUNCTION = YES;
				GCC_WARN_UNUSED_VARIABLE = YES;
				IPHONEOS_DEPLOYMENT_TARGET = 13.0;
				MTL_ENABLE_DEBUG_INFO = INCLUDE_SOURCE;
				MTL_FAST_MATH = YES;
				ONLY_ACTIVE_ARCH = YES;
				SDKROOT = iphoneos;
				SWIFT_ACTIVE_COMPILATION_CONDITIONS = DEBUG;
				SWIFT_OPTIMIZATION_LEVEL = "-Onone";
			};
			name = Debug;
		};
		6E825EF223195E6D0079705F /* Release */ = {
			isa = XCBuildConfiguration;
			buildSettings = {
				ALWAYS_SEARCH_USER_PATHS = NO;
				CLANG_ANALYZER_NONNULL = YES;
				CLANG_ANALYZER_NUMBER_OBJECT_CONVERSION = YES_AGGRESSIVE;
				CLANG_CXX_LANGUAGE_STANDARD = "gnu++14";
				CLANG_CXX_LIBRARY = "libc++";
				CLANG_ENABLE_MODULES = YES;
				CLANG_ENABLE_OBJC_ARC = YES;
				CLANG_ENABLE_OBJC_WEAK = YES;
				CLANG_WARN_BLOCK_CAPTURE_AUTORELEASING = YES;
				CLANG_WARN_BOOL_CONVERSION = YES;
				CLANG_WARN_COMMA = YES;
				CLANG_WARN_CONSTANT_CONVERSION = YES;
				CLANG_WARN_DEPRECATED_OBJC_IMPLEMENTATIONS = YES;
				CLANG_WARN_DIRECT_OBJC_ISA_USAGE = YES_ERROR;
				CLANG_WARN_DOCUMENTATION_COMMENTS = YES;
				CLANG_WARN_EMPTY_BODY = YES;
				CLANG_WARN_ENUM_CONVERSION = YES;
				CLANG_WARN_INFINITE_RECURSION = YES;
				CLANG_WARN_INT_CONVERSION = YES;
				CLANG_WARN_NON_LITERAL_NULL_CONVERSION = YES;
				CLANG_WARN_OBJC_IMPLICIT_RETAIN_SELF = YES;
				CLANG_WARN_OBJC_LITERAL_CONVERSION = YES;
				CLANG_WARN_OBJC_ROOT_CLASS = YES_ERROR;
				CLANG_WARN_RANGE_LOOP_ANALYSIS = YES;
				CLANG_WARN_STRICT_PROTOTYPES = YES;
				CLANG_WARN_SUSPICIOUS_MOVE = YES;
				CLANG_WARN_UNGUARDED_AVAILABILITY = YES_AGGRESSIVE;
				CLANG_WARN_UNREACHABLE_CODE = YES;
				CLANG_WARN__DUPLICATE_METHOD_MATCH = YES;
				COPY_PHASE_STRIP = NO;
				DEBUG_INFORMATION_FORMAT = "dwarf-with-dsym";
				ENABLE_NS_ASSERTIONS = NO;
				ENABLE_STRICT_OBJC_MSGSEND = YES;
				GCC_C_LANGUAGE_STANDARD = gnu11;
				GCC_NO_COMMON_BLOCKS = YES;
				GCC_WARN_64_TO_32_BIT_CONVERSION = YES;
				GCC_WARN_ABOUT_RETURN_TYPE = YES_ERROR;
				GCC_WARN_UNDECLARED_SELECTOR = YES;
				GCC_WARN_UNINITIALIZED_AUTOS = YES_AGGRESSIVE;
				GCC_WARN_UNUSED_FUNCTION = YES;
				GCC_WARN_UNUSED_VARIABLE = YES;
				IPHONEOS_DEPLOYMENT_TARGET = 13.0;
				MTL_ENABLE_DEBUG_INFO = NO;
				MTL_FAST_MATH = YES;
				SDKROOT = iphoneos;
				SWIFT_COMPILATION_MODE = wholemodule;
				SWIFT_OPTIMIZATION_LEVEL = "-O";
				VALIDATE_PRODUCT = YES;
			};
			name = Release;
		};
		6E825EF423195E6D0079705F /* Debug */ = {
			isa = XCBuildConfiguration;
			buildSettings = {
				ASSETCATALOG_COMPILER_APPICON_NAME = AppIcon;
				CODE_SIGN_STYLE = Automatic;
				DEVELOPMENT_TEAM = A3ZT87L5Y5;
				INFOPLIST_FILE = RxCococaIssue/Info.plist;
				LD_RUNPATH_SEARCH_PATHS = (
					"$(inherited)",
					"@executable_path/Frameworks",
				);
				PRODUCT_BUNDLE_IDENTIFIER = dev.michallaskowski.RxCococaIssue;
				PRODUCT_NAME = "$(TARGET_NAME)";
				SWIFT_VERSION = 5.0;
				TARGETED_DEVICE_FAMILY = "1,2";
			};
			name = Debug;
		};
		6E825EF523195E6D0079705F /* Release */ = {
			isa = XCBuildConfiguration;
			buildSettings = {
				ASSETCATALOG_COMPILER_APPICON_NAME = AppIcon;
				CODE_SIGN_STYLE = Automatic;
				DEVELOPMENT_TEAM = A3ZT87L5Y5;
				INFOPLIST_FILE = RxCococaIssue/Info.plist;
				LD_RUNPATH_SEARCH_PATHS = (
					"$(inherited)",
					"@executable_path/Frameworks",
				);
				PRODUCT_BUNDLE_IDENTIFIER = dev.michallaskowski.RxCococaIssue;
				PRODUCT_NAME = "$(TARGET_NAME)";
				SWIFT_VERSION = 5.0;
				TARGETED_DEVICE_FAMILY = "1,2";
			};
			name = Release;
		};
		6E825EF723195E6D0079705F /* Debug */ = {
			isa = XCBuildConfiguration;
			buildSettings = {
				ALWAYS_EMBED_SWIFT_STANDARD_LIBRARIES = YES;
				BUNDLE_LOADER = "$(TEST_HOST)";
				CODE_SIGN_STYLE = Automatic;
				DEVELOPMENT_TEAM = A3ZT87L5Y5;
				INFOPLIST_FILE = RxCococaIssueTests/Info.plist;
				LD_RUNPATH_SEARCH_PATHS = (
					"$(inherited)",
					"@executable_path/Frameworks",
					"@loader_path/Frameworks",
				);
				PRODUCT_BUNDLE_IDENTIFIER = dev.michallaskowski.RxCococaIssueTests;
				PRODUCT_NAME = "$(TARGET_NAME)";
				SWIFT_VERSION = 5.0;
				TARGETED_DEVICE_FAMILY = "1,2";
				TEST_HOST = "$(BUILT_PRODUCTS_DIR)/RxCococaIssue.app/RxCococaIssue";
			};
			name = Debug;
		};
		6E825EF823195E6D0079705F /* Release */ = {
			isa = XCBuildConfiguration;
			buildSettings = {
				ALWAYS_EMBED_SWIFT_STANDARD_LIBRARIES = YES;
				BUNDLE_LOADER = "$(TEST_HOST)";
				CODE_SIGN_STYLE = Automatic;
				DEVELOPMENT_TEAM = A3ZT87L5Y5;
				INFOPLIST_FILE = RxCococaIssueTests/Info.plist;
				LD_RUNPATH_SEARCH_PATHS = (
					"$(inherited)",
					"@executable_path/Frameworks",
					"@loader_path/Frameworks",
				);
				PRODUCT_BUNDLE_IDENTIFIER = dev.michallaskowski.RxCococaIssueTests;
				PRODUCT_NAME = "$(TARGET_NAME)";
				SWIFT_VERSION = 5.0;
				TARGETED_DEVICE_FAMILY = "1,2";
				TEST_HOST = "$(BUILT_PRODUCTS_DIR)/RxCococaIssue.app/RxCococaIssue";
			};
			name = Release;
		};
/* End XCBuildConfiguration section */

/* Begin XCConfigurationList section */
		6E825ECF23195E6C0079705F /* Build configuration list for PBXProject "RxCococaIssue" */ = {
			isa = XCConfigurationList;
			buildConfigurations = (
				6E825EF123195E6D0079705F /* Debug */,
				6E825EF223195E6D0079705F /* Release */,
			);
			defaultConfigurationIsVisible = 0;
			defaultConfigurationName = Release;
		};
		6E825EF323195E6D0079705F /* Build configuration list for PBXNativeTarget "RxCococaIssue" */ = {
			isa = XCConfigurationList;
			buildConfigurations = (
				6E825EF423195E6D0079705F /* Debug */,
				6E825EF523195E6D0079705F /* Release */,
			);
			defaultConfigurationIsVisible = 0;
			defaultConfigurationName = Release;
		};
		6E825EF623195E6D0079705F /* Build configuration list for PBXNativeTarget "RxCococaIssueTests" */ = {
			isa = XCConfigurationList;
			buildConfigurations = (
				6E825EF723195E6D0079705F /* Debug */,
				6E825EF823195E6D0079705F /* Release */,
			);
			defaultConfigurationIsVisible = 0;
			defaultConfigurationName = Release;
		};
/* End XCConfigurationList section */

/* Begin XCRemoteSwiftPackageReference section */
		6E825EF923195EBF0079705F /* XCRemoteSwiftPackageReference "RxSwift" */ = {
			isa = XCRemoteSwiftPackageReference;
			repositoryURL = "https://github.com/ReactiveX/RxSwift";
			requirement = {
				branch = master;
				kind = branch;
			};
		};
/* End XCRemoteSwiftPackageReference section */

/* Begin XCSwiftPackageProductDependency section */
		6E825EFA23195EBF0079705F /* RxSwift */ = {
			isa = XCSwiftPackageProductDependency;
			package = 6E825EF923195EBF0079705F /* XCRemoteSwiftPackageReference "RxSwift" */;
			productName = RxSwift;
		};
		6E825EFE23195EBF0079705F /* RxCocoa */ = {
			isa = XCSwiftPackageProductDependency;
			package = 6E825EF923195EBF0079705F /* XCRemoteSwiftPackageReference "RxSwift" */;
			productName = RxCocoa;
		};
		6E825F0323195F530079705F /* RxBlocking */ = {
			isa = XCSwiftPackageProductDependency;
			package = 6E825EF923195EBF0079705F /* XCRemoteSwiftPackageReference "RxSwift" */;
			productName = RxBlocking;
		};
		6E825F0523195F530079705F /* RxTest */ = {
			isa = XCSwiftPackageProductDependency;
			package = 6E825EF923195EBF0079705F /* XCRemoteSwiftPackageReference "RxSwift" */;
			productName = RxTest;
		};
/* End XCSwiftPackageProductDependency section */
	};
	rootObject = 6E825ECC23195E6C0079705F /* Project object */;
}
